// !$*UTF8*$!
{
	archiveVersion = 1;
	classes = {
	};
	objectVersion = 50;
	objects = {

/* Begin PBXBuildFile section */
		32F986FD2511EFE300FD4D27 /* AppDelegate.swift in Sources */ = {isa = PBXBuildFile; fileRef = 32F986FC2511EFE300FD4D27 /* AppDelegate.swift */; };
		32F986FF2511EFE300FD4D27 /* SceneDelegate.swift in Sources */ = {isa = PBXBuildFile; fileRef = 32F986FE2511EFE300FD4D27 /* SceneDelegate.swift */; };
		32F987012511EFE300FD4D27 /* ViewController.swift in Sources */ = {isa = PBXBuildFile; fileRef = 32F987002511EFE300FD4D27 /* ViewController.swift */; };
		32F987042511EFE300FD4D27 /* Main.storyboard in Resources */ = {isa = PBXBuildFile; fileRef = 32F987022511EFE300FD4D27 /* Main.storyboard */; };
		32F987062511EFE500FD4D27 /* Assets.xcassets in Resources */ = {isa = PBXBuildFile; fileRef = 32F987052511EFE500FD4D27 /* Assets.xcassets */; };
		32F987092511EFE500FD4D27 /* LaunchScreen.storyboard in Resources */ = {isa = PBXBuildFile; fileRef = 32F987072511EFE500FD4D27 /* LaunchScreen.storyboard */; };
/* End PBXBuildFile section */

/* Begin PBXFileReference section */
		3233414E251822CB009B27D2 /* README.md */ = {isa = PBXFileReference; lastKnownFileType = net.daringfireball.markdown; path = README.md; sourceTree = "<group>"; };
		32334150251828B0009B27D2 /* textviewscroll.png */ = {isa = PBXFileReference; lastKnownFileType = image.png; path = textviewscroll.png; sourceTree = "<group>"; };
		32F986F92511EFE300FD4D27 /* textviewscroll.app */ = {isa = PBXFileReference; explicitFileType = wrapper.application; includeInIndex = 0; path = textviewscroll.app; sourceTree = BUILT_PRODUCTS_DIR; };
		32F986FC2511EFE300FD4D27 /* AppDelegate.swift */ = {isa = PBXFileReference; lastKnownFileType = sourcecode.swift; path = AppDelegate.swift; sourceTree = "<group>"; };
		32F986FE2511EFE300FD4D27 /* SceneDelegate.swift */ = {isa = PBXFileReference; lastKnownFileType = sourcecode.swift; path = SceneDelegate.swift; sourceTree = "<group>"; };
		32F987002511EFE300FD4D27 /* ViewController.swift */ = {isa = PBXFileReference; lastKnownFileType = sourcecode.swift; path = ViewController.swift; sourceTree = "<group>"; };
		32F987032511EFE300FD4D27 /* Base */ = {isa = PBXFileReference; lastKnownFileType = file.storyboard; name = Base; path = Base.lproj/Main.storyboard; sourceTree = "<group>"; };
		32F987052511EFE500FD4D27 /* Assets.xcassets */ = {isa = PBXFileReference; lastKnownFileType = folder.assetcatalog; path = Assets.xcassets; sourceTree = "<group>"; };
		32F987082511EFE500FD4D27 /* Base */ = {isa = PBXFileReference; lastKnownFileType = file.storyboard; name = Base; path = Base.lproj/LaunchScreen.storyboard; sourceTree = "<group>"; };
		32F9870A2511EFE500FD4D27 /* Info.plist */ = {isa = PBXFileReference; lastKnownFileType = text.plist.xml; path = Info.plist; sourceTree = "<group>"; };
/* End PBXFileReference section */

/* Begin PBXFrameworksBuildPhase section */
		32F986F62511EFE200FD4D27 /* Frameworks */ = {
			isa = PBXFrameworksBuildPhase;
			buildActionMask = 2147483647;
			files = (
			);
			runOnlyForDeploymentPostprocessing = 0;
		};
/* End PBXFrameworksBuildPhase section */

/* Begin PBXGroup section */
		32F986F02511EFE200FD4D27 = {
			isa = PBXGroup;
			children = (
				3233414E251822CB009B27D2 /* README.md */,
				32334150251828B0009B27D2 /* textviewscroll.png */,
				32F986FB2511EFE300FD4D27 /* textviewscroll */,
				32F986FA2511EFE300FD4D27 /* Products */,
			);
			sourceTree = "<group>";
		};
		32F986FA2511EFE300FD4D27 /* Products */ = {
			isa = PBXGroup;
			children = (
				32F986F92511EFE300FD4D27 /* textviewscroll.app */,
			);
			name = Products;
			sourceTree = "<group>";
		};
		32F986FB2511EFE300FD4D27 /* textviewscroll */ = {
			isa = PBXGroup;
			children = (
				32F986FC2511EFE300FD4D27 /* AppDelegate.swift */,
				32F986FE2511EFE300FD4D27 /* SceneDelegate.swift */,
				32F987002511EFE300FD4D27 /* ViewController.swift */,
				32F987022511EFE300FD4D27 /* Main.storyboard */,
				32F987052511EFE500FD4D27 /* Assets.xcassets */,
				32F987072511EFE500FD4D27 /* LaunchScreen.storyboard */,
				32F9870A2511EFE500FD4D27 /* Info.plist */,
			);
			path = textviewscroll;
			sourceTree = "<group>";
		};
/* End PBXGroup section */

/* Begin PBXNativeTarget section */
		32F986F82511EFE200FD4D27 /* textviewscroll */ = {
			isa = PBXNativeTarget;
			buildConfigurationList = 32F9870D2511EFE500FD4D27 /* Build configuration list for PBXNativeTarget "textviewscroll" */;
			buildPhases = (
				32F986F52511EFE200FD4D27 /* Sources */,
				32F986F62511EFE200FD4D27 /* Frameworks */,
				32F986F72511EFE200FD4D27 /* Resources */,
			);
			buildRules = (
			);
			dependencies = (
			);
			name = textviewscroll;
			productName = textviewscroll;
			productReference = 32F986F92511EFE300FD4D27 /* textviewscroll.app */;
			productType = "com.apple.product-type.application";
		};
/* End PBXNativeTarget section */

/* Begin PBXProject section */
		32F986F12511EFE200FD4D27 /* Project object */ = {
			isa = PBXProject;
			attributes = {
				LastSwiftUpdateCheck = 1150;
				LastUpgradeCheck = 1150;
				ORGANIZATIONNAME = "Rahul Revo";
				TargetAttributes = {
					32F986F82511EFE200FD4D27 = {
						CreatedOnToolsVersion = 11.5;
					};
				};
			};
			buildConfigurationList = 32F986F42511EFE200FD4D27 /* Build configuration list for PBXProject "textviewscroll" */;
			compatibilityVersion = "Xcode 9.3";
			developmentRegion = en;
			hasScannedForEncodings = 0;
			knownRegions = (
				en,
				Base,
			);
			mainGroup = 32F986F02511EFE200FD4D27;
			productRefGroup = 32F986FA2511EFE300FD4D27 /* Products */;
			projectDirPath = "";
			projectRoot = "";
			targets = (
				32F986F82511EFE200FD4D27 /* textviewscroll */,
			);
		};
/* End PBXProject section */

/* Begin PBXResourcesBuildPhase section */
		32F986F72511EFE200FD4D27 /* Resources */ = {
			isa = PBXResourcesBuildPhase;
			buildActionMask = 2147483647;
			files = (
				32F987092511EFE500FD4D27 /* LaunchScreen.storyboard in Resources */,
				32F987062511EFE500FD4D27 /* Assets.xcassets in Resources */,
				32F987042511EFE300FD4D27 /* Main.storyboard in Resources */,
			);
			runOnlyForDeploymentPostprocessing = 0;
		};
/* End PBXResourcesBuildPhase section */

/* Begin PBXSourcesBuildPhase section */
		32F986F52511EFE200FD4D27 /* Sources */ = {
			isa = PBXSourcesBuildPhase;
			buildActionMask = 2147483647;
			files = (
				32F987012511EFE300FD4D27 /* ViewController.swift in Sources */,
				32F986FD2511EFE300FD4D27 /* AppDelegate.swift in Sources */,
				32F986FF2511EFE300FD4D27 /* SceneDelegate.swift in Sources */,
			);
			runOnlyForDeploymentPostprocessing = 0;
		};
/* End PBXSourcesBuildPhase section */

/* Begin PBXVariantGroup section */
		32F987022511EFE300FD4D27 /* Main.storyboard */ = {
			isa = PBXVariantGroup;
			children = (
				32F987032511EFE300FD4D27 /* Base */,
			);
			name = Main.storyboard;
			sourceTree = "<group>";
		};
		32F987072511EFE500FD4D27 /* LaunchScreen.storyboard */ = {
			isa = PBXVariantGroup;
			children = (
				32F987082511EFE500FD4D27 /* Base */,
			);
			name = LaunchScreen.storyboard;
			sourceTree = "<group>";
		};
/* End PBXVariantGroup section */

/* Begin XCBuildConfiguration section */
		32F9870B2511EFE500FD4D27 /* Debug */ = {
			isa = XCBuildConfiguration;
			buildSettings = {
				ALWAYS_SEARCH_USER_PATHS = NO;
				CLANG_ANALYZER_NONNULL = YES;
				CLANG_ANALYZER_NUMBER_OBJECT_CONVERSION = YES_AGGRESSIVE;
				CLANG_CXX_LANGUAGE_STANDARD = "gnu++14";
				CLANG_CXX_LIBRARY = "libc++";
				CLANG_ENABLE_MODULES = YES;
				CLANG_ENABLE_OBJC_ARC = YES;
				CLANG_ENABLE_OBJC_WEAK = YES;
				CLANG_WARN_BLOCK_CAPTURE_AUTORELEASING = YES;
				CLANG_WARN_BOOL_CONVERSION = YES;
				CLANG_WARN_COMMA = YES;
				CLANG_WARN_CONSTANT_CONVERSION = YES;
				CLANG_WARN_DEPRECATED_OBJC_IMPLEMENTATIONS = YES;
				CLANG_WARN_DIRECT_OBJC_ISA_USAGE = YES_ERROR;
				CLANG_WARN_DOCUMENTATION_COMMENTS = YES;
				CLANG_WARN_EMPTY_BODY = YES;
				CLANG_WARN_ENUM_CONVERSION = YES;
				CLANG_WARN_INFINITE_RECURSION = YES;
				CLANG_WARN_INT_CONVERSION = YES;
				CLANG_WARN_NON_LITERAL_NULL_CONVERSION = YES;
				CLANG_WARN_OBJC_IMPLICIT_RETAIN_SELF = YES;
				CLANG_WARN_OBJC_LITERAL_CONVERSION = YES;
				CLANG_WARN_OBJC_ROOT_CLASS = YES_ERROR;
				CLANG_WARN_RANGE_LOOP_ANALYSIS = YES;
				CLANG_WARN_STRICT_PROTOTYPES = YES;
				CLANG_WARN_SUSPICIOUS_MOVE = YES;
				CLANG_WARN_UNGUARDED_AVAILABILITY = YES_AGGRESSIVE;
				CLANG_WARN_UNREACHABLE_CODE = YES;
				CLANG_WARN__DUPLICATE_METHOD_MATCH = YES;
				COPY_PHASE_STRIP = NO;
				DEBUG_INFORMATION_FORMAT = dwarf;
				ENABLE_STRICT_OBJC_MSGSEND = YES;
				ENABLE_TESTABILITY = YES;
				GCC_C_LANGUAGE_STANDARD = gnu11;
				GCC_DYNAMIC_NO_PIC = NO;
				GCC_NO_COMMON_BLOCKS = YES;
				GCC_OPTIMIZATION_LEVEL = 0;
				GCC_PREPROCESSOR_DEFINITIONS = (
					"DEBUG=1",
					"$(inherited)",
				);
				GCC_WARN_64_TO_32_BIT_CONVERSION = YES;
				GCC_WARN_ABOUT_RETURN_TYPE = YES_ERROR;
				GCC_WARN_UNDECLARED_SELECTOR = YES;
				GCC_WARN_UNINITIALIZED_AUTOS = YES_AGGRESSIVE;
				GCC_WARN_UNUSED_FUNCTION = YES;
				GCC_WARN_UNUSED_VARIABLE = YES;
				IPHONEOS_DEPLOYMENT_TARGET = 13.5;
				MTL_ENABLE_DEBUG_INFO = INCLUDE_SOURCE;
				MTL_FAST_MATH = YES;
				ONLY_ACTIVE_ARCH = YES;
				SDKROOT = iphoneos;
				SWIFT_ACTIVE_COMPILATION_CONDITIONS = DEBUG;
				SWIFT_OPTIMIZATION_LEVEL = "-Onone";
			};
			name = Debug;
		};
		32F9870C2511EFE500FD4D27 /* Release */ = {
			isa = XCBuildConfiguration;
			buildSettings = {
				ALWAYS_SEARCH_USER_PATHS = NO;
				CLANG_ANALYZER_NONNULL = YES;
				CLANG_ANALYZER_NUMBER_OBJECT_CONVERSION = YES_AGGRESSIVE;
				CLANG_CXX_LANGUAGE_STANDARD = "gnu++14";
				CLANG_CXX_LIBRARY = "libc++";
				CLANG_ENABLE_MODULES = YES;
				CLANG_ENABLE_OBJC_ARC = YES;
				CLANG_ENABLE_OBJC_WEAK = YES;
				CLANG_WARN_BLOCK_CAPTURE_AUTORELEASING = YES;
				CLANG_WARN_BOOL_CONVERSION = YES;
				CLANG_WARN_COMMA = YES;
				CLANG_WARN_CONSTANT_CONVERSION = YES;
				CLANG_WARN_DEPRECATED_OBJC_IMPLEMENTATIONS = YES;
				CLANG_WARN_DIRECT_OBJC_ISA_USAGE = YES_ERROR;
				CLANG_WARN_DOCUMENTATION_COMMENTS = YES;
				CLANG_WARN_EMPTY_BODY = YES;
				CLANG_WARN_ENUM_CONVERSION = YES;
				CLANG_WARN_INFINITE_RECURSION = YES;
				CLANG_WARN_INT_CONVERSION = YES;
				CLANG_WARN_NON_LITERAL_NULL_CONVERSION = YES;
				CLANG_WARN_OBJC_IMPLICIT_RETAIN_SELF = YES;
				CLANG_WARN_OBJC_LITERAL_CONVERSION = YES;
				CLANG_WARN_OBJC_ROOT_CLASS = YES_ERROR;
				CLANG_WARN_RANGE_LOOP_ANALYSIS = YES;
				CLANG_WARN_STRICT_PROTOTYPES = YES;
				CLANG_WARN_SUSPICIOUS_MOVE = YES;
				CLANG_WARN_UNGUARDED_AVAILABILITY = YES_AGGRESSIVE;
				CLANG_WARN_UNREACHABLE_CODE = YES;
				CLANG_WARN__DUPLICATE_METHOD_MATCH = YES;
				COPY_PHASE_STRIP = NO;
				DEBUG_INFORMATION_FORMAT = "dwarf-with-dsym";
				ENABLE_NS_ASSERTIONS = NO;
				ENABLE_STRICT_OBJC_MSGSEND = YES;
				GCC_C_LANGUAGE_STANDARD = gnu11;
				GCC_NO_COMMON_BLOCKS = YES;
				GCC_WARN_64_TO_32_BIT_CONVERSION = YES;
				GCC_WARN_ABOUT_RETURN_TYPE = YES_ERROR;
				GCC_WARN_UNDECLARED_SELECTOR = YES;
				GCC_WARN_UNINITIALIZED_AUTOS = YES_AGGRESSIVE;
				GCC_WARN_UNUSED_FUNCTION = YES;
				GCC_WARN_UNUSED_VARIABLE = YES;
				IPHONEOS_DEPLOYMENT_TARGET = 13.5;
				MTL_ENABLE_DEBUG_INFO = NO;
				MTL_FAST_MATH = YES;
				SDKROOT = iphoneos;
				SWIFT_COMPILATION_MODE = wholemodule;
				SWIFT_OPTIMIZATION_LEVEL = "-O";
				VALIDATE_PRODUCT = YES;
			};
			name = Release;
		};
		32F9870E2511EFE500FD4D27 /* Debug */ = {
			isa = XCBuildConfiguration;
			buildSettings = {
				ASSETCATALOG_COMPILER_APPICON_NAME = AppIcon;
				CODE_SIGN_STYLE = Automatic;
				DEVELOPMENT_TEAM = 2Y7E84MD28;
				INFOPLIST_FILE = textviewscroll/Info.plist;
				IPHONEOS_DEPLOYMENT_TARGET = 13.0;
				LD_RUNPATH_SEARCH_PATHS = (
					"$(inherited)",
					"@executable_path/Frameworks",
				);
				PRODUCT_BUNDLE_IDENTIFIER = com.rahulrevo.textviewscroll;
				PRODUCT_NAME = "$(TARGET_NAME)";
				SWIFT_VERSION = 5.0;
				TARGETED_DEVICE_FAMILY = 1;
			};
			name = Debug;
		};
		32F9870F2511EFE500FD4D27 /* Release */ = {
			isa = XCBuildConfiguration;
			buildSettings = {
				ASSETCATALOG_COMPILER_APPICON_NAME = AppIcon;
				CODE_SIGN_STYLE = Automatic;
				DEVELOPMENT_TEAM = 2Y7E84MD28;
				INFOPLIST_FILE = textviewscroll/Info.plist;
				IPHONEOS_DEPLOYMENT_TARGET = 13.0;
				LD_RUNPATH_SEARCH_PATHS = (
					"$(inherited)",
					"@executable_path/Frameworks",
				);
				PRODUCT_BUNDLE_IDENTIFIER = com.rahulrevo.textviewscroll;
				PRODUCT_NAME = "$(TARGET_NAME)";
				SWIFT_VERSION = 5.0;
				TARGETED_DEVICE_FAMILY = 1;
			};
			name = Release;
		};
/* End XCBuildConfiguration section */

/* Begin XCConfigurationList section */
		32F986F42511EFE200FD4D27 /* Build configuration list for PBXProject "textviewscroll" */ = {
			isa = XCConfigurationList;
			buildConfigurations = (
				32F9870B2511EFE500FD4D27 /* Debug */,
				32F9870C2511EFE500FD4D27 /* Release */,
			);
			defaultConfigurationIsVisible = 0;
			defaultConfigurationName = Release;
		};
		32F9870D2511EFE500FD4D27 /* Build configuration list for PBXNativeTarget "textviewscroll" */ = {
			isa = XCConfigurationList;
			buildConfigurations = (
				32F9870E2511EFE500FD4D27 /* Debug */,
				32F9870F2511EFE500FD4D27 /* Release */,
			);
			defaultConfigurationIsVisible = 0;
			defaultConfigurationName = Release;
		};
/* End XCConfigurationList section */
	};
	rootObject = 32F986F12511EFE200FD4D27 /* Project object */;
}
